
Microsoft Visual Studio Solution File, Format Version 12.00
# Visual Studio 15
VisualStudioVersion = 15.0.26124.0
MinimumVisualStudioVersion = 15.0.26124.0
Project("{2150E333-8FDC-42A3-9474-1A3956D46DE8}") = "Web", "Web", "{45D38B45-7300-4250-8E01-5A7E94FA692F}"
EndProject
Project("{2150E333-8FDC-42A3-9474-1A3956D46DE8}") = "Services", "Services", "{E7A3A376-761A-46F0-A74D-49F67D34BAA1}"
EndProject
Project("{FAE04EC0-301F-11D3-BF4B-00C04F79EFBC}") = "WebMVC", "Web\WebMVC\WebMVC.csproj", "{2D983B0C-488C-4373-B2BD-A3C19D14DFB6}"
EndProject
Project("{E53339B2-1760-4266-BCC7-CA923CBCF16C}") = "docker-compose", "docker-compose.dcproj", "{128B424D-5D77-4835-96B4-C4303742513E}"
EndProject
Project("{2150E333-8FDC-42A3-9474-1A3956D46DE8}") = "Identity", "Identity", "{016075F6-641F-477D-BADB-54790BBAF9B0}"
EndProject
Project("{FAE04EC0-301F-11D3-BF4B-00C04F79EFBC}") = "Identity.API", "Services\Identity\Identity.API\Identity.API.csproj", "{50D3BAA3-9012-4A9C-AC67-0956E876BE0F}"
EndProject
Project("{FAE04EC0-301F-11D3-BF4B-00C04F79EFBC}") = "WebStatus", "Web\WebStatus\WebStatus.csproj", "{47C67948-93E2-4237-ABAA-60A9EC31A4A9}"
EndProject
Project("{2150E333-8FDC-42A3-9474-1A3956D46DE8}") = "BuildingBlocks", "BuildingBlocks", "{05AB0660-AC63-41B5-9FFA-17E46F2707B2}"
EndProject
Project("{2150E333-8FDC-42A3-9474-1A3956D46DE8}") = "EventBus", "EventBus", "{495B996D-CC4D-4D4D-8A8F-54381EC15C1D}"
EndProject
Project("{FAE04EC0-301F-11D3-BF4B-00C04F79EFBC}") = "EventBus", "BuildingBlocks\EventBus\EventBus\EventBus.csproj", "{E4367089-BE48-4CBC-AB4E-09BC01F090BF}"
EndProject
Project("{FAE04EC0-301F-11D3-BF4B-00C04F79EFBC}") = "EventBusKafka", "BuildingBlocks\EventBus\EventBusKafka\EventBusKafka.csproj", "{776CF72D-DF7E-4C78-8EC2-0FA4EAB60C5C}"
EndProject
Project("{FAE04EC0-301F-11D3-BF4B-00C04F79EFBC}") = "IntegrationEventLogEF", "BuildingBlocks\EventBus\IntegrationEventLogEF\IntegrationEventLogEF.csproj", "{47F6751C-F6AF-4365-9B14-85B2ECF6E01A}"
EndProject
Project("{2150E333-8FDC-42A3-9474-1A3956D46DE8}") = "Lib", "Lib", "{BE870BBA-4322-4DC9-B128-12301267D244}"
EndProject
Project("{FAE04EC0-301F-11D3-BF4B-00C04F79EFBC}") = "Mse.Core", "BuildingBlocks\Lib\Mse.Core\Mse.Core.csproj", "{D2C93BD6-92C3-41A8-8EA0-C7685AA9E28A}"
EndProject
Project("{2150E333-8FDC-42A3-9474-1A3956D46DE8}") = "Catalog", "Catalog", "{5453378B-CC81-404B-9C10-534B37A38936}"
EndProject
Project("{FAE04EC0-301F-11D3-BF4B-00C04F79EFBC}") = "Catalog.API", "Services\Catalog\Catalog.API\Catalog.API.csproj", "{ACF5BB0F-605B-432B-8593-471FA88AE8BC}"
EndProject
Project("{2150E333-8FDC-42A3-9474-1A3956D46DE8}") = "ApiGateways", "ApiGateways", "{33C84993-9B85-4C24-BEBB-699C688BB809}"
EndProject
Project("{2150E333-8FDC-42A3-9474-1A3956D46DE8}") = "Envoy", "Envoy", "{4EB669E9-B706-4D57-A225-31F07690B542}"
EndProject
Project("{2150E333-8FDC-42A3-9474-1A3956D46DE8}") = "Config", "Config", "{04E0B01D-0C1B-4C5F-AF56-19DF4EB3DCF2}"
EndProject
Project("{2150E333-8FDC-42A3-9474-1A3956D46DE8}") = "WebExample", "WebExample", "{E4A735C5-9257-41D8-85AE-9D015191BFF9}"
	ProjectSection(SolutionItems) = preProject
		envoy.yaml = envoy.yaml
	EndProjectSection
EndProject
Project("{2150E333-8FDC-42A3-9474-1A3956D46DE8}") = "Web.BFF.Example", "Web.BFF.Example", "{A2283DD4-AC07-4985-89C0-68F98D4BD13C}"
EndProject
Project("{FAE04EC0-301F-11D3-BF4B-00C04F79EFBC}") = "Aggregator", "ApiGateways\Web.BFF.Example\Aggregator\Aggregator.csproj", "{5819BDAA-8EAC-49D1-B4E5-9510EF902072}"
EndProject
Global
	GlobalSection(SolutionConfigurationPlatforms) = preSolution
		Debug|Any CPU = Debug|Any CPU
		Debug|x64 = Debug|x64
		Debug|x86 = Debug|x86
		Release|Any CPU = Release|Any CPU
		Release|x64 = Release|x64
		Release|x86 = Release|x86
	EndGlobalSection
	GlobalSection(SolutionProperties) = preSolution
		HideSolutionNode = FALSE
	EndGlobalSection
	GlobalSection(ProjectConfigurationPlatforms) = postSolution
		{2D983B0C-488C-4373-B2BD-A3C19D14DFB6}.Debug|Any CPU.ActiveCfg = Debug|Any CPU
		{2D983B0C-488C-4373-B2BD-A3C19D14DFB6}.Debug|Any CPU.Build.0 = Debug|Any CPU
		{2D983B0C-488C-4373-B2BD-A3C19D14DFB6}.Debug|x64.ActiveCfg = Debug|Any CPU
		{2D983B0C-488C-4373-B2BD-A3C19D14DFB6}.Debug|x64.Build.0 = Debug|Any CPU
		{2D983B0C-488C-4373-B2BD-A3C19D14DFB6}.Debug|x86.ActiveCfg = Debug|Any CPU
		{2D983B0C-488C-4373-B2BD-A3C19D14DFB6}.Debug|x86.Build.0 = Debug|Any CPU
		{2D983B0C-488C-4373-B2BD-A3C19D14DFB6}.Release|Any CPU.ActiveCfg = Release|Any CPU
		{2D983B0C-488C-4373-B2BD-A3C19D14DFB6}.Release|Any CPU.Build.0 = Release|Any CPU
		{2D983B0C-488C-4373-B2BD-A3C19D14DFB6}.Release|x64.ActiveCfg = Release|Any CPU
		{2D983B0C-488C-4373-B2BD-A3C19D14DFB6}.Release|x64.Build.0 = Release|Any CPU
		{2D983B0C-488C-4373-B2BD-A3C19D14DFB6}.Release|x86.ActiveCfg = Release|Any CPU
		{2D983B0C-488C-4373-B2BD-A3C19D14DFB6}.Release|x86.Build.0 = Release|Any CPU
		{128B424D-5D77-4835-96B4-C4303742513E}.Debug|Any CPU.ActiveCfg = Debug|Any CPU
		{128B424D-5D77-4835-96B4-C4303742513E}.Debug|Any CPU.Build.0 = Debug|Any CPU
		{128B424D-5D77-4835-96B4-C4303742513E}.Debug|x64.ActiveCfg = Debug|Any CPU
		{128B424D-5D77-4835-96B4-C4303742513E}.Debug|x64.Build.0 = Debug|Any CPU
		{128B424D-5D77-4835-96B4-C4303742513E}.Debug|x86.ActiveCfg = Debug|Any CPU
		{128B424D-5D77-4835-96B4-C4303742513E}.Debug|x86.Build.0 = Debug|Any CPU
		{128B424D-5D77-4835-96B4-C4303742513E}.Release|Any CPU.ActiveCfg = Release|Any CPU
		{128B424D-5D77-4835-96B4-C4303742513E}.Release|Any CPU.Build.0 = Release|Any CPU
		{128B424D-5D77-4835-96B4-C4303742513E}.Release|x64.ActiveCfg = Release|Any CPU
		{128B424D-5D77-4835-96B4-C4303742513E}.Release|x64.Build.0 = Release|Any CPU
		{128B424D-5D77-4835-96B4-C4303742513E}.Release|x86.ActiveCfg = Release|Any CPU
		{128B424D-5D77-4835-96B4-C4303742513E}.Release|x86.Build.0 = Release|Any CPU
		{50D3BAA3-9012-4A9C-AC67-0956E876BE0F}.Debug|Any CPU.ActiveCfg = Debug|Any CPU
		{50D3BAA3-9012-4A9C-AC67-0956E876BE0F}.Debug|Any CPU.Build.0 = Debug|Any CPU
		{50D3BAA3-9012-4A9C-AC67-0956E876BE0F}.Debug|x64.ActiveCfg = Debug|Any CPU
		{50D3BAA3-9012-4A9C-AC67-0956E876BE0F}.Debug|x64.Build.0 = Debug|Any CPU
		{50D3BAA3-9012-4A9C-AC67-0956E876BE0F}.Debug|x86.ActiveCfg = Debug|Any CPU
		{50D3BAA3-9012-4A9C-AC67-0956E876BE0F}.Debug|x86.Build.0 = Debug|Any CPU
		{50D3BAA3-9012-4A9C-AC67-0956E876BE0F}.Release|Any CPU.ActiveCfg = Release|Any CPU
		{50D3BAA3-9012-4A9C-AC67-0956E876BE0F}.Release|Any CPU.Build.0 = Release|Any CPU
		{50D3BAA3-9012-4A9C-AC67-0956E876BE0F}.Release|x64.ActiveCfg = Release|Any CPU
		{50D3BAA3-9012-4A9C-AC67-0956E876BE0F}.Release|x64.Build.0 = Release|Any CPU
		{50D3BAA3-9012-4A9C-AC67-0956E876BE0F}.Release|x86.ActiveCfg = Release|Any CPU
		{50D3BAA3-9012-4A9C-AC67-0956E876BE0F}.Release|x86.Build.0 = Release|Any CPU
		{47C67948-93E2-4237-ABAA-60A9EC31A4A9}.Debug|Any CPU.ActiveCfg = Debug|Any CPU
		{47C67948-93E2-4237-ABAA-60A9EC31A4A9}.Debug|Any CPU.Build.0 = Debug|Any CPU
		{47C67948-93E2-4237-ABAA-60A9EC31A4A9}.Debug|x64.ActiveCfg = Debug|Any CPU
		{47C67948-93E2-4237-ABAA-60A9EC31A4A9}.Debug|x64.Build.0 = Debug|Any CPU
		{47C67948-93E2-4237-ABAA-60A9EC31A4A9}.Debug|x86.ActiveCfg = Debug|Any CPU
		{47C67948-93E2-4237-ABAA-60A9EC31A4A9}.Debug|x86.Build.0 = Debug|Any CPU
		{47C67948-93E2-4237-ABAA-60A9EC31A4A9}.Release|Any CPU.ActiveCfg = Release|Any CPU
		{47C67948-93E2-4237-ABAA-60A9EC31A4A9}.Release|Any CPU.Build.0 = Release|Any CPU
		{47C67948-93E2-4237-ABAA-60A9EC31A4A9}.Release|x64.ActiveCfg = Release|Any CPU
		{47C67948-93E2-4237-ABAA-60A9EC31A4A9}.Release|x64.Build.0 = Release|Any CPU
		{47C67948-93E2-4237-ABAA-60A9EC31A4A9}.Release|x86.ActiveCfg = Release|Any CPU
		{47C67948-93E2-4237-ABAA-60A9EC31A4A9}.Release|x86.Build.0 = Release|Any CPU
		{E4367089-BE48-4CBC-AB4E-09BC01F090BF}.Debug|Any CPU.ActiveCfg = Debug|Any CPU
		{E4367089-BE48-4CBC-AB4E-09BC01F090BF}.Debug|Any CPU.Build.0 = Debug|Any CPU
		{E4367089-BE48-4CBC-AB4E-09BC01F090BF}.Debug|x64.ActiveCfg = Debug|Any CPU
		{E4367089-BE48-4CBC-AB4E-09BC01F090BF}.Debug|x64.Build.0 = Debug|Any CPU
		{E4367089-BE48-4CBC-AB4E-09BC01F090BF}.Debug|x86.ActiveCfg = Debug|Any CPU
		{E4367089-BE48-4CBC-AB4E-09BC01F090BF}.Debug|x86.Build.0 = Debug|Any CPU
		{E4367089-BE48-4CBC-AB4E-09BC01F090BF}.Release|Any CPU.ActiveCfg = Release|Any CPU
		{E4367089-BE48-4CBC-AB4E-09BC01F090BF}.Release|Any CPU.Build.0 = Release|Any CPU
		{E4367089-BE48-4CBC-AB4E-09BC01F090BF}.Release|x64.ActiveCfg = Release|Any CPU
		{E4367089-BE48-4CBC-AB4E-09BC01F090BF}.Release|x64.Build.0 = Release|Any CPU
		{E4367089-BE48-4CBC-AB4E-09BC01F090BF}.Release|x86.ActiveCfg = Release|Any CPU
		{E4367089-BE48-4CBC-AB4E-09BC01F090BF}.Release|x86.Build.0 = Release|Any CPU
		{776CF72D-DF7E-4C78-8EC2-0FA4EAB60C5C}.Debug|Any CPU.ActiveCfg = Debug|Any CPU
		{776CF72D-DF7E-4C78-8EC2-0FA4EAB60C5C}.Debug|Any CPU.Build.0 = Debug|Any CPU
		{776CF72D-DF7E-4C78-8EC2-0FA4EAB60C5C}.Debug|x64.ActiveCfg = Debug|Any CPU
		{776CF72D-DF7E-4C78-8EC2-0FA4EAB60C5C}.Debug|x64.Build.0 = Debug|Any CPU
		{776CF72D-DF7E-4C78-8EC2-0FA4EAB60C5C}.Debug|x86.ActiveCfg = Debug|Any CPU
		{776CF72D-DF7E-4C78-8EC2-0FA4EAB60C5C}.Debug|x86.Build.0 = Debug|Any CPU
		{776CF72D-DF7E-4C78-8EC2-0FA4EAB60C5C}.Release|Any CPU.ActiveCfg = Release|Any CPU
		{776CF72D-DF7E-4C78-8EC2-0FA4EAB60C5C}.Release|Any CPU.Build.0 = Release|Any CPU
		{776CF72D-DF7E-4C78-8EC2-0FA4EAB60C5C}.Release|x64.ActiveCfg = Release|Any CPU
		{776CF72D-DF7E-4C78-8EC2-0FA4EAB60C5C}.Release|x64.Build.0 = Release|Any CPU
		{776CF72D-DF7E-4C78-8EC2-0FA4EAB60C5C}.Release|x86.ActiveCfg = Release|Any CPU
		{776CF72D-DF7E-4C78-8EC2-0FA4EAB60C5C}.Release|x86.Build.0 = Release|Any CPU
		{47F6751C-F6AF-4365-9B14-85B2ECF6E01A}.Debug|Any CPU.ActiveCfg = Debug|Any CPU
		{47F6751C-F6AF-4365-9B14-85B2ECF6E01A}.Debug|Any CPU.Build.0 = Debug|Any CPU
		{47F6751C-F6AF-4365-9B14-85B2ECF6E01A}.Debug|x64.ActiveCfg = Debug|Any CPU
		{47F6751C-F6AF-4365-9B14-85B2ECF6E01A}.Debug|x64.Build.0 = Debug|Any CPU
		{47F6751C-F6AF-4365-9B14-85B2ECF6E01A}.Debug|x86.ActiveCfg = Debug|Any CPU
		{47F6751C-F6AF-4365-9B14-85B2ECF6E01A}.Debug|x86.Build.0 = Debug|Any CPU
		{47F6751C-F6AF-4365-9B14-85B2ECF6E01A}.Release|Any CPU.ActiveCfg = Release|Any CPU
		{47F6751C-F6AF-4365-9B14-85B2ECF6E01A}.Release|Any CPU.Build.0 = Release|Any CPU
		{47F6751C-F6AF-4365-9B14-85B2ECF6E01A}.Release|x64.ActiveCfg = Release|Any CPU
		{47F6751C-F6AF-4365-9B14-85B2ECF6E01A}.Release|x64.Build.0 = Release|Any CPU
		{47F6751C-F6AF-4365-9B14-85B2ECF6E01A}.Release|x86.ActiveCfg = Release|Any CPU
		{47F6751C-F6AF-4365-9B14-85B2ECF6E01A}.Release|x86.Build.0 = Release|Any CPU
		{D2C93BD6-92C3-41A8-8EA0-C7685AA9E28A}.Debug|Any CPU.ActiveCfg = Debug|Any CPU
		{D2C93BD6-92C3-41A8-8EA0-C7685AA9E28A}.Debug|Any CPU.Build.0 = Debug|Any CPU
		{D2C93BD6-92C3-41A8-8EA0-C7685AA9E28A}.Debug|x64.ActiveCfg = Debug|Any CPU
		{D2C93BD6-92C3-41A8-8EA0-C7685AA9E28A}.Debug|x64.Build.0 = Debug|Any CPU
		{D2C93BD6-92C3-41A8-8EA0-C7685AA9E28A}.Debug|x86.ActiveCfg = Debug|Any CPU
		{D2C93BD6-92C3-41A8-8EA0-C7685AA9E28A}.Debug|x86.Build.0 = Debug|Any CPU
		{D2C93BD6-92C3-41A8-8EA0-C7685AA9E28A}.Release|Any CPU.ActiveCfg = Release|Any CPU
		{D2C93BD6-92C3-41A8-8EA0-C7685AA9E28A}.Release|Any CPU.Build.0 = Release|Any CPU
		{D2C93BD6-92C3-41A8-8EA0-C7685AA9E28A}.Release|x64.ActiveCfg = Release|Any CPU
		{D2C93BD6-92C3-41A8-8EA0-C7685AA9E28A}.Release|x64.Build.0 = Release|Any CPU
		{D2C93BD6-92C3-41A8-8EA0-C7685AA9E28A}.Release|x86.ActiveCfg = Release|Any CPU
		{D2C93BD6-92C3-41A8-8EA0-C7685AA9E28A}.Release|x86.Build.0 = Release|Any CPU
		{ACF5BB0F-605B-432B-8593-471FA88AE8BC}.Debug|Any CPU.ActiveCfg = Debug|Any CPU
		{ACF5BB0F-605B-432B-8593-471FA88AE8BC}.Debug|Any CPU.Build.0 = Debug|Any CPU
		{ACF5BB0F-605B-432B-8593-471FA88AE8BC}.Debug|x64.ActiveCfg = Debug|Any CPU
		{ACF5BB0F-605B-432B-8593-471FA88AE8BC}.Debug|x64.Build.0 = Debug|Any CPU
		{ACF5BB0F-605B-432B-8593-471FA88AE8BC}.Debug|x86.ActiveCfg = Debug|Any CPU
		{ACF5BB0F-605B-432B-8593-471FA88AE8BC}.Debug|x86.Build.0 = Debug|Any CPU
		{ACF5BB0F-605B-432B-8593-471FA88AE8BC}.Release|Any CPU.ActiveCfg = Release|Any CPU
		{ACF5BB0F-605B-432B-8593-471FA88AE8BC}.Release|Any CPU.Build.0 = Release|Any CPU
		{ACF5BB0F-605B-432B-8593-471FA88AE8BC}.Release|x64.ActiveCfg = Release|Any CPU
		{ACF5BB0F-605B-432B-8593-471FA88AE8BC}.Release|x64.Build.0 = Release|Any CPU
		{ACF5BB0F-605B-432B-8593-471FA88AE8BC}.Release|x86.ActiveCfg = Release|Any CPU
		{ACF5BB0F-605B-432B-8593-471FA88AE8BC}.Release|x86.Build.0 = Release|Any CPU
		{5819BDAA-8EAC-49D1-B4E5-9510EF902072}.Debug|Any CPU.ActiveCfg = Debug|Any CPU
		{5819BDAA-8EAC-49D1-B4E5-9510EF902072}.Debug|Any CPU.Build.0 = Debug|Any CPU
		{5819BDAA-8EAC-49D1-B4E5-9510EF902072}.Debug|x64.ActiveCfg = Debug|Any CPU
		{5819BDAA-8EAC-49D1-B4E5-9510EF902072}.Debug|x64.Build.0 = Debug|Any CPU
		{5819BDAA-8EAC-49D1-B4E5-9510EF902072}.Debug|x86.ActiveCfg = Debug|Any CPU
		{5819BDAA-8EAC-49D1-B4E5-9510EF902072}.Debug|x86.Build.0 = Debug|Any CPU
		{5819BDAA-8EAC-49D1-B4E5-9510EF902072}.Release|Any CPU.ActiveCfg = Release|Any CPU
		{5819BDAA-8EAC-49D1-B4E5-9510EF902072}.Release|Any CPU.Build.0 = Release|Any CPU
		{5819BDAA-8EAC-49D1-B4E5-9510EF902072}.Release|x64.ActiveCfg = Release|Any CPU
		{5819BDAA-8EAC-49D1-B4E5-9510EF902072}.Release|x64.Build.0 = Release|Any CPU
		{5819BDAA-8EAC-49D1-B4E5-9510EF902072}.Release|x86.ActiveCfg = Release|Any CPU
		{5819BDAA-8EAC-49D1-B4E5-9510EF902072}.Release|x86.Build.0 = Release|Any CPU
	EndGlobalSection
	GlobalSection(NestedProjects) = preSolution
		{2D983B0C-488C-4373-B2BD-A3C19D14DFB6} = {45D38B45-7300-4250-8E01-5A7E94FA692F}
		{016075F6-641F-477D-BADB-54790BBAF9B0} = {E7A3A376-761A-46F0-A74D-49F67D34BAA1}
		{50D3BAA3-9012-4A9C-AC67-0956E876BE0F} = {016075F6-641F-477D-BADB-54790BBAF9B0}
		{47C67948-93E2-4237-ABAA-60A9EC31A4A9} = {45D38B45-7300-4250-8E01-5A7E94FA692F}
		{495B996D-CC4D-4D4D-8A8F-54381EC15C1D} = {05AB0660-AC63-41B5-9FFA-17E46F2707B2}
		{E4367089-BE48-4CBC-AB4E-09BC01F090BF} = {495B996D-CC4D-4D4D-8A8F-54381EC15C1D}
		{776CF72D-DF7E-4C78-8EC2-0FA4EAB60C5C} = {495B996D-CC4D-4D4D-8A8F-54381EC15C1D}
		{47F6751C-F6AF-4365-9B14-85B2ECF6E01A} = {495B996D-CC4D-4D4D-8A8F-54381EC15C1D}
		{BE870BBA-4322-4DC9-B128-12301267D244} = {05AB0660-AC63-41B5-9FFA-17E46F2707B2}
		{D2C93BD6-92C3-41A8-8EA0-C7685AA9E28A} = {BE870BBA-4322-4DC9-B128-12301267D244}
		{5453378B-CC81-404B-9C10-534B37A38936} = {E7A3A376-761A-46F0-A74D-49F67D34BAA1}
		{ACF5BB0F-605B-432B-8593-471FA88AE8BC} = {5453378B-CC81-404B-9C10-534B37A38936}
		{4EB669E9-B706-4D57-A225-31F07690B542} = {33C84993-9B85-4C24-BEBB-699C688BB809}
		{04E0B01D-0C1B-4C5F-AF56-19DF4EB3DCF2} = {4EB669E9-B706-4D57-A225-31F07690B542}
		{E4A735C5-9257-41D8-85AE-9D015191BFF9} = {04E0B01D-0C1B-4C5F-AF56-19DF4EB3DCF2}
		{A2283DD4-AC07-4985-89C0-68F98D4BD13C} = {33C84993-9B85-4C24-BEBB-699C688BB809}
		{5819BDAA-8EAC-49D1-B4E5-9510EF902072} = {A2283DD4-AC07-4985-89C0-68F98D4BD13C}
	EndGlobalSection
EndGlobal
